// !$*UTF8*$!
{
	archiveVersion = 1;
	classes = {
	};
	objectVersion = 50;
	objects = {

/* Begin PBXBuildFile section */
		4C6EFD2425B3D03100AC8B24 /* Infrastructure.framework in Frameworks */ = {isa = PBXBuildFile; fileRef = 4C6EFD1B25B3D03100AC8B24 /* Infrastructure.framework */; };
		4C6EFD3725B3D04400AC8B24 /* Data.framework in Frameworks */ = {isa = PBXBuildFile; fileRef = 4CC1C5F425AFCFFE001B9E59 /* Data.framework */; };
		4C6EFD3825B3D04400AC8B24 /* Data.framework in Embed Frameworks */ = {isa = PBXBuildFile; fileRef = 4CC1C5F425AFCFFE001B9E59 /* Data.framework */; settings = {ATTRIBUTES = (CodeSignOnCopy, RemoveHeadersOnCopy, ); }; };
		4C6EFD4D25B3D67F00AC8B24 /* URLSessionAdapterTest.swift in Sources */ = {isa = PBXBuildFile; fileRef = 4C6EFD4C25B3D67F00AC8B24 /* URLSessionAdapterTest.swift */; };
		4C79067625B4E74900ABD0E0 /* URLComponentsFactoryTests.swift in Sources */ = {isa = PBXBuildFile; fileRef = 4C79067525B4E74900ABD0E0 /* URLComponentsFactoryTests.swift */; };
		4C79068225B4ECD600ABD0E0 /* URLProtocolStub.swift in Sources */ = {isa = PBXBuildFile; fileRef = 4C79068125B4ECD600ABD0E0 /* URLProtocolStub.swift */; };
		4CC1C5DB25AFCE42001B9E59 /* Location.swift in Sources */ = {isa = PBXBuildFile; fileRef = 4CC1C5D125AFCE42001B9E59 /* Location.swift */; };
		4CC1C5DC25AFCE42001B9E59 /* Gender.swift in Sources */ = {isa = PBXBuildFile; fileRef = 4CC1C5D225AFCE42001B9E59 /* Gender.swift */; };
		4CC1C5DD25AFCE42001B9E59 /* FetchCharactersProtocol.swift in Sources */ = {isa = PBXBuildFile; fileRef = 4CC1C5D325AFCE42001B9E59 /* FetchCharactersProtocol.swift */; };
		4CC1C5DE25AFCE42001B9E59 /* Character.swift in Sources */ = {isa = PBXBuildFile; fileRef = 4CC1C5D425AFCE42001B9E59 /* Character.swift */; };
		4CC1C5E025AFCE42001B9E59 /* ResponseInfo.swift in Sources */ = {isa = PBXBuildFile; fileRef = 4CC1C5D625AFCE42001B9E59 /* ResponseInfo.swift */; };
		4CC1C5E125AFCE42001B9E59 /* Response.swift in Sources */ = {isa = PBXBuildFile; fileRef = 4CC1C5D725AFCE42001B9E59 /* Response.swift */; };
		4CC1C5E225AFCE42001B9E59 /* Species.swift in Sources */ = {isa = PBXBuildFile; fileRef = 4CC1C5D825AFCE42001B9E59 /* Species.swift */; };
		4CC1C5E325AFCE42001B9E59 /* Status.swift in Sources */ = {isa = PBXBuildFile; fileRef = 4CC1C5D925AFCE42001B9E59 /* Status.swift */; };
		4CC1C5FD25AFCFFE001B9E59 /* Data.framework in Frameworks */ = {isa = PBXBuildFile; fileRef = 4CC1C5F425AFCFFE001B9E59 /* Data.framework */; };
		4CC1C61625AFD054001B9E59 /* FetchCharacterUseCase.swift in Sources */ = {isa = PBXBuildFile; fileRef = 4CC1C61525AFD054001B9E59 /* FetchCharacterUseCase.swift */; };
		4CC1C61B25AFD07E001B9E59 /* Domain.framework in Frameworks */ = {isa = PBXBuildFile; fileRef = 4CC1C5AE25AFCB87001B9E59 /* Domain.framework */; };
		4CC1C61C25AFD07E001B9E59 /* Domain.framework in Embed Frameworks */ = {isa = PBXBuildFile; fileRef = 4CC1C5AE25AFCB87001B9E59 /* Domain.framework */; settings = {ATTRIBUTES = (CodeSignOnCopy, RemoveHeadersOnCopy, ); }; };
		4CC1C62C25AFD1DE001B9E59 /* ApiConstants.swift in Sources */ = {isa = PBXBuildFile; fileRef = 4CC1C62825AFD1DE001B9E59 /* ApiConstants.swift */; };
		4CC1C62D25AFD1DE001B9E59 /* ApiConstants+Characters.swift in Sources */ = {isa = PBXBuildFile; fileRef = 4CC1C62925AFD1DE001B9E59 /* ApiConstants+Characters.swift */; };
		4CC1C63925AFD231001B9E59 /* GlobalFunctions.swift in Sources */ = {isa = PBXBuildFile; fileRef = 4CC1C63825AFD231001B9E59 /* GlobalFunctions.swift */; };
		4CC1C64525AFD798001B9E59 /* FetchCharacterUseCaseTests.swift in Sources */ = {isa = PBXBuildFile; fileRef = 4CC1C64425AFD798001B9E59 /* FetchCharacterUseCaseTests.swift */; };
		4CC1C64C25AFD872001B9E59 /* HttpGetClient.swift in Sources */ = {isa = PBXBuildFile; fileRef = 4CC1C64B25AFD872001B9E59 /* HttpGetClient.swift */; };
		4CC1C65425AFD8F9001B9E59 /* ApiError.swift in Sources */ = {isa = PBXBuildFile; fileRef = 4CC1C5E925AFCEFB001B9E59 /* ApiError.swift */; };
		4CED6CB525B11901001A5883 /* GlobalFunctions.swift in Sources */ = {isa = PBXBuildFile; fileRef = 4CC1C63825AFD231001B9E59 /* GlobalFunctions.swift */; };
		4CED6CE525B11BD9001A5883 /* characters.json in Resources */ = {isa = PBXBuildFile; fileRef = 4CED6CBB25B11A1C001A5883 /* characters.json */; };
		4CED6CEA25B11BDA001A5883 /* characters.json in Resources */ = {isa = PBXBuildFile; fileRef = 4CED6CBB25B11A1C001A5883 /* characters.json */; };
		4CED6D0325B12E0F001A5883 /* HttpGetSpy.swift in Sources */ = {isa = PBXBuildFile; fileRef = 4CED6D0125B12E0F001A5883 /* HttpGetSpy.swift */; };
		4CED6D1825B130FA001A5883 /* Presentation.framework in Frameworks */ = {isa = PBXBuildFile; fileRef = 4CED6D0F25B130FA001A5883 /* Presentation.framework */; };
		4CED6D1D25B130FA001A5883 /* PresentationTests.swift in Sources */ = {isa = PBXBuildFile; fileRef = 4CED6D1C25B130FA001A5883 /* PresentationTests.swift */; };
		4CED6D2E25B13120001A5883 /* Domain.framework in Frameworks */ = {isa = PBXBuildFile; fileRef = 4CC1C5AE25AFCB87001B9E59 /* Domain.framework */; };
		4CED6D2F25B13120001A5883 /* Domain.framework in Embed Frameworks */ = {isa = PBXBuildFile; fileRef = 4CC1C5AE25AFCB87001B9E59 /* Domain.framework */; settings = {ATTRIBUTES = (CodeSignOnCopy, RemoveHeadersOnCopy, ); }; };
/* End PBXBuildFile section */

/* Begin PBXContainerItemProxy section */
		4C6EFD2525B3D03100AC8B24 /* PBXContainerItemProxy */ = {
			isa = PBXContainerItemProxy;
			containerPortal = 4CC1C56D25AFCAF7001B9E59 /* Project object */;
			proxyType = 1;
			remoteGlobalIDString = 4C6EFD1A25B3D03100AC8B24;
			remoteInfo = Infrastructure;
		};
		4C6EFD3925B3D04400AC8B24 /* PBXContainerItemProxy */ = {
			isa = PBXContainerItemProxy;
			containerPortal = 4CC1C56D25AFCAF7001B9E59 /* Project object */;
			proxyType = 1;
			remoteGlobalIDString = 4CC1C5F325AFCFFE001B9E59;
			remoteInfo = Data;
		};
		4CC1C5FE25AFCFFE001B9E59 /* PBXContainerItemProxy */ = {
			isa = PBXContainerItemProxy;
			containerPortal = 4CC1C56D25AFCAF7001B9E59 /* Project object */;
			proxyType = 1;
			remoteGlobalIDString = 4CC1C5F325AFCFFE001B9E59;
			remoteInfo = Data;
		};
		4CC1C61D25AFD07F001B9E59 /* PBXContainerItemProxy */ = {
			isa = PBXContainerItemProxy;
			containerPortal = 4CC1C56D25AFCAF7001B9E59 /* Project object */;
			proxyType = 1;
			remoteGlobalIDString = 4CC1C5AD25AFCB87001B9E59;
			remoteInfo = Domain;
		};
		4CED6D1925B130FA001A5883 /* PBXContainerItemProxy */ = {
			isa = PBXContainerItemProxy;
			containerPortal = 4CC1C56D25AFCAF7001B9E59 /* Project object */;
			proxyType = 1;
			remoteGlobalIDString = 4CED6D0E25B130FA001A5883;
			remoteInfo = Presentation;
		};
		4CED6D3025B13120001A5883 /* PBXContainerItemProxy */ = {
			isa = PBXContainerItemProxy;
			containerPortal = 4CC1C56D25AFCAF7001B9E59 /* Project object */;
			proxyType = 1;
			remoteGlobalIDString = 4CC1C5AD25AFCB87001B9E59;
			remoteInfo = Domain;
		};
/* End PBXContainerItemProxy section */

/* Begin PBXCopyFilesBuildPhase section */
		4C6EFD3B25B3D04400AC8B24 /* Embed Frameworks */ = {
			isa = PBXCopyFilesBuildPhase;
			buildActionMask = 2147483647;
			dstPath = "";
			dstSubfolderSpec = 10;
			files = (
				4C6EFD3825B3D04400AC8B24 /* Data.framework in Embed Frameworks */,
			);
			name = "Embed Frameworks";
			runOnlyForDeploymentPostprocessing = 0;
		};
		4CC1C61F25AFD07F001B9E59 /* Embed Frameworks */ = {
			isa = PBXCopyFilesBuildPhase;
			buildActionMask = 2147483647;
			dstPath = "";
			dstSubfolderSpec = 10;
			files = (
				4CC1C61C25AFD07E001B9E59 /* Domain.framework in Embed Frameworks */,
			);
			name = "Embed Frameworks";
			runOnlyForDeploymentPostprocessing = 0;
		};
		4CED6D3225B13120001A5883 /* Embed Frameworks */ = {
			isa = PBXCopyFilesBuildPhase;
			buildActionMask = 2147483647;
			dstPath = "";
			dstSubfolderSpec = 10;
			files = (
				4CED6D2F25B13120001A5883 /* Domain.framework in Embed Frameworks */,
			);
			name = "Embed Frameworks";
			runOnlyForDeploymentPostprocessing = 0;
		};
/* End PBXCopyFilesBuildPhase section */

/* Begin PBXFileReference section */
		4C6EFD1B25B3D03100AC8B24 /* Infrastructure.framework */ = {isa = PBXFileReference; explicitFileType = wrapper.framework; includeInIndex = 0; path = Infrastructure.framework; sourceTree = BUILT_PRODUCTS_DIR; };
		4C6EFD1E25B3D03100AC8B24 /* Info.plist */ = {isa = PBXFileReference; lastKnownFileType = text.plist.xml; path = Info.plist; sourceTree = "<group>"; };
		4C6EFD2325B3D03100AC8B24 /* InfrastructureTests.xctest */ = {isa = PBXFileReference; explicitFileType = wrapper.cfbundle; includeInIndex = 0; path = InfrastructureTests.xctest; sourceTree = BUILT_PRODUCTS_DIR; };
		4C6EFD2A25B3D03100AC8B24 /* Info.plist */ = {isa = PBXFileReference; lastKnownFileType = text.plist.xml; path = Info.plist; sourceTree = "<group>"; };
		4C6EFD4C25B3D67F00AC8B24 /* URLSessionAdapterTest.swift */ = {isa = PBXFileReference; lastKnownFileType = sourcecode.swift; path = URLSessionAdapterTest.swift; sourceTree = "<group>"; };
		4C79067525B4E74900ABD0E0 /* URLComponentsFactoryTests.swift */ = {isa = PBXFileReference; lastKnownFileType = sourcecode.swift; path = URLComponentsFactoryTests.swift; sourceTree = "<group>"; };
		4C79068125B4ECD600ABD0E0 /* URLProtocolStub.swift */ = {isa = PBXFileReference; lastKnownFileType = sourcecode.swift; path = URLProtocolStub.swift; sourceTree = "<group>"; };
		4CC1C5AE25AFCB87001B9E59 /* Domain.framework */ = {isa = PBXFileReference; explicitFileType = wrapper.framework; includeInIndex = 0; path = Domain.framework; sourceTree = BUILT_PRODUCTS_DIR; };
		4CC1C5B125AFCB87001B9E59 /* Info.plist */ = {isa = PBXFileReference; lastKnownFileType = text.plist.xml; path = Info.plist; sourceTree = "<group>"; };
		4CC1C5D125AFCE42001B9E59 /* Location.swift */ = {isa = PBXFileReference; fileEncoding = 4; lastKnownFileType = sourcecode.swift; path = Location.swift; sourceTree = "<group>"; };
		4CC1C5D225AFCE42001B9E59 /* Gender.swift */ = {isa = PBXFileReference; fileEncoding = 4; lastKnownFileType = sourcecode.swift; path = Gender.swift; sourceTree = "<group>"; };
		4CC1C5D325AFCE42001B9E59 /* FetchCharactersProtocol.swift */ = {isa = PBXFileReference; fileEncoding = 4; lastKnownFileType = sourcecode.swift; path = FetchCharactersProtocol.swift; sourceTree = "<group>"; };
		4CC1C5D425AFCE42001B9E59 /* Character.swift */ = {isa = PBXFileReference; fileEncoding = 4; lastKnownFileType = sourcecode.swift; path = Character.swift; sourceTree = "<group>"; };
		4CC1C5D625AFCE42001B9E59 /* ResponseInfo.swift */ = {isa = PBXFileReference; fileEncoding = 4; lastKnownFileType = sourcecode.swift; path = ResponseInfo.swift; sourceTree = "<group>"; };
		4CC1C5D725AFCE42001B9E59 /* Response.swift */ = {isa = PBXFileReference; fileEncoding = 4; lastKnownFileType = sourcecode.swift; path = Response.swift; sourceTree = "<group>"; };
		4CC1C5D825AFCE42001B9E59 /* Species.swift */ = {isa = PBXFileReference; fileEncoding = 4; lastKnownFileType = sourcecode.swift; path = Species.swift; sourceTree = "<group>"; };
		4CC1C5D925AFCE42001B9E59 /* Status.swift */ = {isa = PBXFileReference; fileEncoding = 4; lastKnownFileType = sourcecode.swift; path = Status.swift; sourceTree = "<group>"; };
		4CC1C5E925AFCEFB001B9E59 /* ApiError.swift */ = {isa = PBXFileReference; lastKnownFileType = sourcecode.swift; path = ApiError.swift; sourceTree = "<group>"; };
		4CC1C5F425AFCFFE001B9E59 /* Data.framework */ = {isa = PBXFileReference; explicitFileType = wrapper.framework; includeInIndex = 0; path = Data.framework; sourceTree = BUILT_PRODUCTS_DIR; };
		4CC1C5F725AFCFFE001B9E59 /* Info.plist */ = {isa = PBXFileReference; lastKnownFileType = text.plist.xml; path = Info.plist; sourceTree = "<group>"; };
		4CC1C5FC25AFCFFE001B9E59 /* DataTests.xctest */ = {isa = PBXFileReference; explicitFileType = wrapper.cfbundle; includeInIndex = 0; path = DataTests.xctest; sourceTree = BUILT_PRODUCTS_DIR; };
		4CC1C60325AFCFFE001B9E59 /* Info.plist */ = {isa = PBXFileReference; lastKnownFileType = text.plist.xml; path = Info.plist; sourceTree = "<group>"; };
		4CC1C61525AFD054001B9E59 /* FetchCharacterUseCase.swift */ = {isa = PBXFileReference; lastKnownFileType = sourcecode.swift; path = FetchCharacterUseCase.swift; sourceTree = "<group>"; };
		4CC1C62825AFD1DE001B9E59 /* ApiConstants.swift */ = {isa = PBXFileReference; fileEncoding = 4; lastKnownFileType = sourcecode.swift; path = ApiConstants.swift; sourceTree = "<group>"; };
		4CC1C62925AFD1DE001B9E59 /* ApiConstants+Characters.swift */ = {isa = PBXFileReference; fileEncoding = 4; lastKnownFileType = sourcecode.swift; path = "ApiConstants+Characters.swift"; sourceTree = "<group>"; };
		4CC1C63825AFD231001B9E59 /* GlobalFunctions.swift */ = {isa = PBXFileReference; lastKnownFileType = sourcecode.swift; path = GlobalFunctions.swift; sourceTree = "<group>"; };
		4CC1C64425AFD798001B9E59 /* FetchCharacterUseCaseTests.swift */ = {isa = PBXFileReference; lastKnownFileType = sourcecode.swift; path = FetchCharacterUseCaseTests.swift; sourceTree = "<group>"; };
		4CC1C64B25AFD872001B9E59 /* HttpGetClient.swift */ = {isa = PBXFileReference; lastKnownFileType = sourcecode.swift; path = HttpGetClient.swift; sourceTree = "<group>"; };
		4CED6CBB25B11A1C001A5883 /* characters.json */ = {isa = PBXFileReference; lastKnownFileType = text.json; path = characters.json; sourceTree = "<group>"; };
		4CED6D0125B12E0F001A5883 /* HttpGetSpy.swift */ = {isa = PBXFileReference; lastKnownFileType = sourcecode.swift; path = HttpGetSpy.swift; sourceTree = "<group>"; };
		4CED6D0F25B130FA001A5883 /* Presentation.framework */ = {isa = PBXFileReference; explicitFileType = wrapper.framework; includeInIndex = 0; path = Presentation.framework; sourceTree = BUILT_PRODUCTS_DIR; };
		4CED6D1225B130FA001A5883 /* Info.plist */ = {isa = PBXFileReference; lastKnownFileType = text.plist.xml; path = Info.plist; sourceTree = "<group>"; };
		4CED6D1725B130FA001A5883 /* PresentationTests.xctest */ = {isa = PBXFileReference; explicitFileType = wrapper.cfbundle; includeInIndex = 0; path = PresentationTests.xctest; sourceTree = BUILT_PRODUCTS_DIR; };
		4CED6D1C25B130FA001A5883 /* PresentationTests.swift */ = {isa = PBXFileReference; lastKnownFileType = sourcecode.swift; path = PresentationTests.swift; sourceTree = "<group>"; };
		4CED6D1E25B130FA001A5883 /* Info.plist */ = {isa = PBXFileReference; lastKnownFileType = text.plist.xml; path = Info.plist; sourceTree = "<group>"; };
/* End PBXFileReference section */

/* Begin PBXFrameworksBuildPhase section */
		4C6EFD1825B3D03100AC8B24 /* Frameworks */ = {
			isa = PBXFrameworksBuildPhase;
			buildActionMask = 2147483647;
			files = (
				4C6EFD3725B3D04400AC8B24 /* Data.framework in Frameworks */,
			);
			runOnlyForDeploymentPostprocessing = 0;
		};
		4C6EFD2025B3D03100AC8B24 /* Frameworks */ = {
			isa = PBXFrameworksBuildPhase;
			buildActionMask = 2147483647;
			files = (
				4C6EFD2425B3D03100AC8B24 /* Infrastructure.framework in Frameworks */,
			);
			runOnlyForDeploymentPostprocessing = 0;
		};
		4CC1C5AB25AFCB87001B9E59 /* Frameworks */ = {
			isa = PBXFrameworksBuildPhase;
			buildActionMask = 2147483647;
			files = (
			);
			runOnlyForDeploymentPostprocessing = 0;
		};
		4CC1C5F125AFCFFE001B9E59 /* Frameworks */ = {
			isa = PBXFrameworksBuildPhase;
			buildActionMask = 2147483647;
			files = (
				4CC1C61B25AFD07E001B9E59 /* Domain.framework in Frameworks */,
			);
			runOnlyForDeploymentPostprocessing = 0;
		};
		4CC1C5F925AFCFFE001B9E59 /* Frameworks */ = {
			isa = PBXFrameworksBuildPhase;
			buildActionMask = 2147483647;
			files = (
				4CC1C5FD25AFCFFE001B9E59 /* Data.framework in Frameworks */,
			);
			runOnlyForDeploymentPostprocessing = 0;
		};
		4CED6D0C25B130FA001A5883 /* Frameworks */ = {
			isa = PBXFrameworksBuildPhase;
			buildActionMask = 2147483647;
			files = (
				4CED6D2E25B13120001A5883 /* Domain.framework in Frameworks */,
			);
			runOnlyForDeploymentPostprocessing = 0;
		};
		4CED6D1425B130FA001A5883 /* Frameworks */ = {
			isa = PBXFrameworksBuildPhase;
			buildActionMask = 2147483647;
			files = (
				4CED6D1825B130FA001A5883 /* Presentation.framework in Frameworks */,
			);
			runOnlyForDeploymentPostprocessing = 0;
		};
/* End PBXFrameworksBuildPhase section */

/* Begin PBXGroup section */
		4C6EFD1C25B3D03100AC8B24 /* Infrastructure */ = {
			isa = PBXGroup;
			children = (
				4C6EFD1E25B3D03100AC8B24 /* Info.plist */,
			);
			path = Infrastructure;
			sourceTree = "<group>";
		};
		4C6EFD2725B3D03100AC8B24 /* InfrastructureTests */ = {
			isa = PBXGroup;
			children = (
				4C79068025B4ECC500ABD0E0 /* Stubs */,
				4C79067425B4E73900ABD0E0 /* Factories */,
				4C6EFD2A25B3D03100AC8B24 /* Info.plist */,
				4C6EFD4C25B3D67F00AC8B24 /* URLSessionAdapterTest.swift */,
			);
			path = InfrastructureTests;
			sourceTree = "<group>";
		};
		4C79067425B4E73900ABD0E0 /* Factories */ = {
			isa = PBXGroup;
			children = (
				4C79067525B4E74900ABD0E0 /* URLComponentsFactoryTests.swift */,
			);
			path = Factories;
			sourceTree = "<group>";
		};
		4C79068025B4ECC500ABD0E0 /* Stubs */ = {
			isa = PBXGroup;
			children = (
				4C79068125B4ECD600ABD0E0 /* URLProtocolStub.swift */,
			);
			path = Stubs;
			sourceTree = "<group>";
		};
		4CC1C56C25AFCAF7001B9E59 = {
			isa = PBXGroup;
			children = (
				4CC1C5F525AFCFFE001B9E59 /* Data */,
				4CC1C60025AFCFFE001B9E59 /* DataTests */,
				4CC1C5AF25AFCB87001B9E59 /* Domain */,
				4CC1C61A25AFD07E001B9E59 /* Frameworks */,
				4C6EFD1C25B3D03100AC8B24 /* Infrastructure */,
				4C6EFD2725B3D03100AC8B24 /* InfrastructureTests */,
				4CED6D1025B130FA001A5883 /* Presentation */,
				4CED6D1B25B130FA001A5883 /* PresentationTests */,
				4CC1C57625AFCAF7001B9E59 /* Products */,
			);
			sourceTree = "<group>";
		};
		4CC1C57625AFCAF7001B9E59 /* Products */ = {
			isa = PBXGroup;
			children = (
				4CC1C5AE25AFCB87001B9E59 /* Domain.framework */,
				4CC1C5F425AFCFFE001B9E59 /* Data.framework */,
				4CC1C5FC25AFCFFE001B9E59 /* DataTests.xctest */,
				4CED6D0F25B130FA001A5883 /* Presentation.framework */,
				4CED6D1725B130FA001A5883 /* PresentationTests.xctest */,
				4C6EFD1B25B3D03100AC8B24 /* Infrastructure.framework */,
				4C6EFD2325B3D03100AC8B24 /* InfrastructureTests.xctest */,
			);
			name = Products;
			sourceTree = "<group>";
		};
		4CC1C5AF25AFCB87001B9E59 /* Domain */ = {
			isa = PBXGroup;
			children = (
				4CC1C5B125AFCB87001B9E59 /* Info.plist */,
				4CC1C5EC25AFCF5E001B9E59 /* Models */,
				4CC1C5ED25AFCF84001B9E59 /* UseCases */,
			);
			path = Domain;
			sourceTree = "<group>";
		};
		4CC1C5EC25AFCF5E001B9E59 /* Models */ = {
			isa = PBXGroup;
			children = (
				4CC1C5D125AFCE42001B9E59 /* Location.swift */,
				4CC1C5D225AFCE42001B9E59 /* Gender.swift */,
				4CC1C5D425AFCE42001B9E59 /* Character.swift */,
				4CC1C5D625AFCE42001B9E59 /* ResponseInfo.swift */,
				4CC1C5D725AFCE42001B9E59 /* Response.swift */,
				4CC1C5D825AFCE42001B9E59 /* Species.swift */,
				4CC1C5D925AFCE42001B9E59 /* Status.swift */,
				4CC1C5E925AFCEFB001B9E59 /* ApiError.swift */,
			);
			path = Models;
			sourceTree = "<group>";
		};
		4CC1C5ED25AFCF84001B9E59 /* UseCases */ = {
			isa = PBXGroup;
			children = (
				4CC1C5D325AFCE42001B9E59 /* FetchCharactersProtocol.swift */,
			);
			path = UseCases;
			sourceTree = "<group>";
		};
		4CC1C5F525AFCFFE001B9E59 /* Data */ = {
			isa = PBXGroup;
			children = (
				4CC1C64A25AFD864001B9E59 /* Http */,
				4CC1C63D25AFD346001B9E59 /* Commons */,
				4CC1C62725AFD1DE001B9E59 /* Constants */,
				4CC1C63C25AFD33A001B9E59 /* UseCases */,
				4CC1C5F725AFCFFE001B9E59 /* Info.plist */,
			);
			path = Data;
			sourceTree = "<group>";
		};
		4CC1C60025AFCFFE001B9E59 /* DataTests */ = {
			isa = PBXGroup;
			children = (
				4CC1C66925AFEE45001B9E59 /* UseCases */,
				4CC1C65925AFEC4A001B9E59 /* Mocks */,
				4CC1C60325AFCFFE001B9E59 /* Info.plist */,
			);
			path = DataTests;
			sourceTree = "<group>";
		};
		4CC1C61A25AFD07E001B9E59 /* Frameworks */ = {
			isa = PBXGroup;
			children = (
			);
			name = Frameworks;
			sourceTree = "<group>";
		};
		4CC1C62725AFD1DE001B9E59 /* Constants */ = {
			isa = PBXGroup;
			children = (
				4CC1C62825AFD1DE001B9E59 /* ApiConstants.swift */,
				4CC1C62925AFD1DE001B9E59 /* ApiConstants+Characters.swift */,
			);
			path = Constants;
			sourceTree = "<group>";
		};
		4CC1C63C25AFD33A001B9E59 /* UseCases */ = {
			isa = PBXGroup;
			children = (
				4CC1C61525AFD054001B9E59 /* FetchCharacterUseCase.swift */,
			);
			path = UseCases;
			sourceTree = "<group>";
		};
		4CC1C63D25AFD346001B9E59 /* Commons */ = {
			isa = PBXGroup;
			children = (
				4CC1C63825AFD231001B9E59 /* GlobalFunctions.swift */,
			);
			path = Commons;
			sourceTree = "<group>";
		};
		4CC1C64A25AFD864001B9E59 /* Http */ = {
			isa = PBXGroup;
			children = (
				4CC1C64B25AFD872001B9E59 /* HttpGetClient.swift */,
			);
			path = Http;
			sourceTree = "<group>";
		};
		4CC1C65925AFEC4A001B9E59 /* Mocks */ = {
			isa = PBXGroup;
			children = (
				4CED6CBB25B11A1C001A5883 /* characters.json */,
			);
			path = Mocks;
			sourceTree = "<group>";
		};
		4CC1C66925AFEE45001B9E59 /* UseCases */ = {
			isa = PBXGroup;
			children = (
				4CED6D0025B12E01001A5883 /* Spies */,
				4CED6CFF25B12DE6001A5883 /* FetchCharacterUseCase */,
			);
			path = UseCases;
			sourceTree = "<group>";
		};
		4CED6CFF25B12DE6001A5883 /* FetchCharacterUseCase */ = {
			isa = PBXGroup;
			children = (
				4CC1C64425AFD798001B9E59 /* FetchCharacterUseCaseTests.swift */,
			);
			path = FetchCharacterUseCase;
			sourceTree = "<group>";
		};
		4CED6D0025B12E01001A5883 /* Spies */ = {
			isa = PBXGroup;
			children = (
				4CED6D0125B12E0F001A5883 /* HttpGetSpy.swift */,
			);
			path = Spies;
			sourceTree = "<group>";
		};
		4CED6D1025B130FA001A5883 /* Presentation */ = {
			isa = PBXGroup;
			children = (
				4CED6D1225B130FA001A5883 /* Info.plist */,
			);
			path = Presentation;
			sourceTree = "<group>";
		};
		4CED6D1B25B130FA001A5883 /* PresentationTests */ = {
			isa = PBXGroup;
			children = (
				4CED6D1C25B130FA001A5883 /* PresentationTests.swift */,
				4CED6D1E25B130FA001A5883 /* Info.plist */,
			);
			path = PresentationTests;
			sourceTree = "<group>";
		};
/* End PBXGroup section */

/* Begin PBXHeadersBuildPhase section */
		4C6EFD1625B3D03100AC8B24 /* Headers */ = {
			isa = PBXHeadersBuildPhase;
			buildActionMask = 2147483647;
			files = (
			);
			runOnlyForDeploymentPostprocessing = 0;
		};
		4CC1C5A925AFCB87001B9E59 /* Headers */ = {
			isa = PBXHeadersBuildPhase;
			buildActionMask = 2147483647;
			files = (
			);
			runOnlyForDeploymentPostprocessing = 0;
		};
		4CC1C5EF25AFCFFE001B9E59 /* Headers */ = {
			isa = PBXHeadersBuildPhase;
			buildActionMask = 2147483647;
			files = (
			);
			runOnlyForDeploymentPostprocessing = 0;
		};
		4CED6D0A25B130FA001A5883 /* Headers */ = {
			isa = PBXHeadersBuildPhase;
			buildActionMask = 2147483647;
			files = (
			);
			runOnlyForDeploymentPostprocessing = 0;
		};
/* End PBXHeadersBuildPhase section */

/* Begin PBXNativeTarget section */
		4C6EFD1A25B3D03100AC8B24 /* Infrastructure */ = {
			isa = PBXNativeTarget;
			buildConfigurationList = 4C6EFD2C25B3D03100AC8B24 /* Build configuration list for PBXNativeTarget "Infrastructure" */;
			buildPhases = (
				4C6EFD1625B3D03100AC8B24 /* Headers */,
				4C6EFD1725B3D03100AC8B24 /* Sources */,
				4C6EFD1825B3D03100AC8B24 /* Frameworks */,
				4C6EFD1925B3D03100AC8B24 /* Resources */,
				4C6EFD3B25B3D04400AC8B24 /* Embed Frameworks */,
				4C79068F25B501BF00ABD0E0 /* SwiftLint */,
			);
			buildRules = (
			);
			dependencies = (
				4C6EFD3A25B3D04400AC8B24 /* PBXTargetDependency */,
			);
			name = Infrastructure;
			productName = Infrastructure;
			productReference = 4C6EFD1B25B3D03100AC8B24 /* Infrastructure.framework */;
			productType = "com.apple.product-type.framework";
		};
		4C6EFD2225B3D03100AC8B24 /* InfrastructureTests */ = {
			isa = PBXNativeTarget;
			buildConfigurationList = 4C6EFD2F25B3D03100AC8B24 /* Build configuration list for PBXNativeTarget "InfrastructureTests" */;
			buildPhases = (
				4C6EFD1F25B3D03100AC8B24 /* Sources */,
				4C6EFD2025B3D03100AC8B24 /* Frameworks */,
				4C6EFD2125B3D03100AC8B24 /* Resources */,
			);
			buildRules = (
			);
			dependencies = (
				4C6EFD2625B3D03100AC8B24 /* PBXTargetDependency */,
			);
			name = InfrastructureTests;
			productName = InfrastructureTests;
			productReference = 4C6EFD2325B3D03100AC8B24 /* InfrastructureTests.xctest */;
			productType = "com.apple.product-type.bundle.unit-test";
		};
		4CC1C5AD25AFCB87001B9E59 /* Domain */ = {
			isa = PBXNativeTarget;
			buildConfigurationList = 4CC1C5BF25AFCB88001B9E59 /* Build configuration list for PBXNativeTarget "Domain" */;
			buildPhases = (
				4CC1C5A925AFCB87001B9E59 /* Headers */,
				4CC1C5AA25AFCB87001B9E59 /* Sources */,
				4CC1C5AB25AFCB87001B9E59 /* Frameworks */,
				4CC1C5AC25AFCB87001B9E59 /* Resources */,
			);
			buildRules = (
			);
			dependencies = (
			);
			name = Domain;
			productName = Domain;
			productReference = 4CC1C5AE25AFCB87001B9E59 /* Domain.framework */;
			productType = "com.apple.product-type.framework";
		};
		4CC1C5F325AFCFFE001B9E59 /* Data */ = {
			isa = PBXNativeTarget;
			buildConfigurationList = 4CC1C60525AFCFFE001B9E59 /* Build configuration list for PBXNativeTarget "Data" */;
			buildPhases = (
				4CC1C5EF25AFCFFE001B9E59 /* Headers */,
				4CC1C5F025AFCFFE001B9E59 /* Sources */,
				4CC1C5F125AFCFFE001B9E59 /* Frameworks */,
				4CC1C5F225AFCFFE001B9E59 /* Resources */,
				4CC1C61F25AFD07F001B9E59 /* Embed Frameworks */,
			);
			buildRules = (
			);
			dependencies = (
				4CC1C61E25AFD07F001B9E59 /* PBXTargetDependency */,
			);
			name = Data;
			productName = Data;
			productReference = 4CC1C5F425AFCFFE001B9E59 /* Data.framework */;
			productType = "com.apple.product-type.framework";
		};
		4CC1C5FB25AFCFFE001B9E59 /* DataTests */ = {
			isa = PBXNativeTarget;
			buildConfigurationList = 4CC1C60825AFCFFE001B9E59 /* Build configuration list for PBXNativeTarget "DataTests" */;
			buildPhases = (
				4CC1C5F825AFCFFE001B9E59 /* Sources */,
				4CC1C5F925AFCFFE001B9E59 /* Frameworks */,
				4CC1C5FA25AFCFFE001B9E59 /* Resources */,
			);
			buildRules = (
			);
			dependencies = (
				4CC1C5FF25AFCFFE001B9E59 /* PBXTargetDependency */,
			);
			name = DataTests;
			productName = DataTests;
			productReference = 4CC1C5FC25AFCFFE001B9E59 /* DataTests.xctest */;
			productType = "com.apple.product-type.bundle.unit-test";
		};
		4CED6D0E25B130FA001A5883 /* Presentation */ = {
			isa = PBXNativeTarget;
			buildConfigurationList = 4CED6D2025B130FA001A5883 /* Build configuration list for PBXNativeTarget "Presentation" */;
			buildPhases = (
				4CED6D0A25B130FA001A5883 /* Headers */,
				4CED6D0B25B130FA001A5883 /* Sources */,
				4CED6D0C25B130FA001A5883 /* Frameworks */,
				4CED6D0D25B130FA001A5883 /* Resources */,
				4CED6D3225B13120001A5883 /* Embed Frameworks */,
			);
			buildRules = (
			);
			dependencies = (
				4CED6D3125B13120001A5883 /* PBXTargetDependency */,
			);
			name = Presentation;
			productName = Presentation;
			productReference = 4CED6D0F25B130FA001A5883 /* Presentation.framework */;
			productType = "com.apple.product-type.framework";
		};
		4CED6D1625B130FA001A5883 /* PresentationTests */ = {
			isa = PBXNativeTarget;
			buildConfigurationList = 4CED6D2325B130FA001A5883 /* Build configuration list for PBXNativeTarget "PresentationTests" */;
			buildPhases = (
				4CED6D1325B130FA001A5883 /* Sources */,
				4CED6D1425B130FA001A5883 /* Frameworks */,
				4CED6D1525B130FA001A5883 /* Resources */,
			);
			buildRules = (
			);
			dependencies = (
				4CED6D1A25B130FA001A5883 /* PBXTargetDependency */,
			);
			name = PresentationTests;
			productName = PresentationTests;
			productReference = 4CED6D1725B130FA001A5883 /* PresentationTests.xctest */;
			productType = "com.apple.product-type.bundle.unit-test";
		};
/* End PBXNativeTarget section */

/* Begin PBXProject section */
		4CC1C56D25AFCAF7001B9E59 /* Project object */ = {
			isa = PBXProject;
			attributes = {
				LastSwiftUpdateCheck = 1230;
				LastUpgradeCheck = 1230;
				TargetAttributes = {
					4C6EFD1A25B3D03100AC8B24 = {
						CreatedOnToolsVersion = 12.3;
					};
					4C6EFD2225B3D03100AC8B24 = {
						CreatedOnToolsVersion = 12.3;
						LastSwiftMigration = 1230;
					};
					4CC1C5AD25AFCB87001B9E59 = {
						CreatedOnToolsVersion = 12.3;
						LastSwiftMigration = 1230;
					};
					4CC1C5F325AFCFFE001B9E59 = {
						CreatedOnToolsVersion = 12.3;
						LastSwiftMigration = 1230;
					};
					4CC1C5FB25AFCFFE001B9E59 = {
						CreatedOnToolsVersion = 12.3;
						LastSwiftMigration = 1230;
					};
					4CED6D0E25B130FA001A5883 = {
						CreatedOnToolsVersion = 12.3;
					};
					4CED6D1625B130FA001A5883 = {
						CreatedOnToolsVersion = 12.3;
					};
				};
			};
			buildConfigurationList = 4CC1C57025AFCAF7001B9E59 /* Build configuration list for PBXProject "RickAndMorty" */;
			compatibilityVersion = "Xcode 9.3";
			developmentRegion = en;
			hasScannedForEncodings = 0;
			knownRegions = (
				en,
				Base,
			);
			mainGroup = 4CC1C56C25AFCAF7001B9E59;
			productRefGroup = 4CC1C57625AFCAF7001B9E59 /* Products */;
			projectDirPath = "";
			projectRoot = "";
			targets = (
				4CC1C5AD25AFCB87001B9E59 /* Domain */,
				4CC1C5F325AFCFFE001B9E59 /* Data */,
				4CC1C5FB25AFCFFE001B9E59 /* DataTests */,
				4CED6D0E25B130FA001A5883 /* Presentation */,
				4CED6D1625B130FA001A5883 /* PresentationTests */,
				4C6EFD1A25B3D03100AC8B24 /* Infrastructure */,
				4C6EFD2225B3D03100AC8B24 /* InfrastructureTests */,
			);
		};
/* End PBXProject section */

/* Begin PBXResourcesBuildPhase section */
		4C6EFD1925B3D03100AC8B24 /* Resources */ = {
			isa = PBXResourcesBuildPhase;
			buildActionMask = 2147483647;
			files = (
			);
			runOnlyForDeploymentPostprocessing = 0;
		};
		4C6EFD2125B3D03100AC8B24 /* Resources */ = {
			isa = PBXResourcesBuildPhase;
			buildActionMask = 2147483647;
			files = (
			);
			runOnlyForDeploymentPostprocessing = 0;
		};
		4CC1C5AC25AFCB87001B9E59 /* Resources */ = {
			isa = PBXResourcesBuildPhase;
			buildActionMask = 2147483647;
			files = (
			);
			runOnlyForDeploymentPostprocessing = 0;
		};
		4CC1C5F225AFCFFE001B9E59 /* Resources */ = {
			isa = PBXResourcesBuildPhase;
			buildActionMask = 2147483647;
			files = (
				4CED6CEA25B11BDA001A5883 /* characters.json in Resources */,
			);
			runOnlyForDeploymentPostprocessing = 0;
		};
		4CC1C5FA25AFCFFE001B9E59 /* Resources */ = {
			isa = PBXResourcesBuildPhase;
			buildActionMask = 2147483647;
			files = (
				4CED6CE525B11BD9001A5883 /* characters.json in Resources */,
			);
			runOnlyForDeploymentPostprocessing = 0;
		};
		4CED6D0D25B130FA001A5883 /* Resources */ = {
			isa = PBXResourcesBuildPhase;
			buildActionMask = 2147483647;
			files = (
			);
			runOnlyForDeploymentPostprocessing = 0;
		};
		4CED6D1525B130FA001A5883 /* Resources */ = {
			isa = PBXResourcesBuildPhase;
			buildActionMask = 2147483647;
			files = (
			);
			runOnlyForDeploymentPostprocessing = 0;
		};
/* End PBXResourcesBuildPhase section */

/* Begin PBXShellScriptBuildPhase section */
		4C79068F25B501BF00ABD0E0 /* SwiftLint */ = {
			isa = PBXShellScriptBuildPhase;
			buildActionMask = 2147483647;
			files = (
			);
			inputFileListPaths = (
			);
			inputPaths = (
			);
			name = SwiftLint;
			outputFileListPaths = (
			);
			outputPaths = (
			);
			runOnlyForDeploymentPostprocessing = 0;
			shellPath = /bin/sh;
			shellScript = "if which swiftlint >/dev/null; then\n  swiftlint autocorrect && swiftlint\nelse\n  echo \"warning: SwiftLint not installed, download from https://github.com/realm/SwiftLint\"\nfi\n";
		};
/* End PBXShellScriptBuildPhase section */

/* Begin PBXSourcesBuildPhase section */
		4C6EFD1725B3D03100AC8B24 /* Sources */ = {
			isa = PBXSourcesBuildPhase;
			buildActionMask = 2147483647;
			files = (
			);
			runOnlyForDeploymentPostprocessing = 0;
		};
		4C6EFD1F25B3D03100AC8B24 /* Sources */ = {
			isa = PBXSourcesBuildPhase;
			buildActionMask = 2147483647;
			files = (
				4C79067625B4E74900ABD0E0 /* URLComponentsFactoryTests.swift in Sources */,
				4C79068225B4ECD600ABD0E0 /* URLProtocolStub.swift in Sources */,
				4C6EFD4D25B3D67F00AC8B24 /* URLSessionAdapterTest.swift in Sources */,
			);
			runOnlyForDeploymentPostprocessing = 0;
		};
		4CC1C5AA25AFCB87001B9E59 /* Sources */ = {
			isa = PBXSourcesBuildPhase;
			buildActionMask = 2147483647;
			files = (
				4CC1C5E025AFCE42001B9E59 /* ResponseInfo.swift in Sources */,
				4CC1C5DC25AFCE42001B9E59 /* Gender.swift in Sources */,
				4CC1C5DB25AFCE42001B9E59 /* Location.swift in Sources */,
				4CC1C5E325AFCE42001B9E59 /* Status.swift in Sources */,
				4CC1C5E125AFCE42001B9E59 /* Response.swift in Sources */,
				4CC1C65425AFD8F9001B9E59 /* ApiError.swift in Sources */,
				4CC1C5DE25AFCE42001B9E59 /* Character.swift in Sources */,
				4CC1C5E225AFCE42001B9E59 /* Species.swift in Sources */,
				4CC1C5DD25AFCE42001B9E59 /* FetchCharactersProtocol.swift in Sources */,
			);
			runOnlyForDeploymentPostprocessing = 0;
		};
		4CC1C5F025AFCFFE001B9E59 /* Sources */ = {
			isa = PBXSourcesBuildPhase;
			buildActionMask = 2147483647;
			files = (
				4CC1C63925AFD231001B9E59 /* GlobalFunctions.swift in Sources */,
				4CC1C64C25AFD872001B9E59 /* HttpGetClient.swift in Sources */,
				4CC1C62D25AFD1DE001B9E59 /* ApiConstants+Characters.swift in Sources */,
				4CC1C62C25AFD1DE001B9E59 /* ApiConstants.swift in Sources */,
				4CC1C61625AFD054001B9E59 /* FetchCharacterUseCase.swift in Sources */,
			);
			runOnlyForDeploymentPostprocessing = 0;
		};
		4CC1C5F825AFCFFE001B9E59 /* Sources */ = {
			isa = PBXSourcesBuildPhase;
			buildActionMask = 2147483647;
			files = (
				4CED6D0325B12E0F001A5883 /* HttpGetSpy.swift in Sources */,
				4CED6CB525B11901001A5883 /* GlobalFunctions.swift in Sources */,
				4CC1C64525AFD798001B9E59 /* FetchCharacterUseCaseTests.swift in Sources */,
			);
			runOnlyForDeploymentPostprocessing = 0;
		};
		4CED6D0B25B130FA001A5883 /* Sources */ = {
			isa = PBXSourcesBuildPhase;
			buildActionMask = 2147483647;
			files = (
			);
			runOnlyForDeploymentPostprocessing = 0;
		};
		4CED6D1325B130FA001A5883 /* Sources */ = {
			isa = PBXSourcesBuildPhase;
			buildActionMask = 2147483647;
			files = (
				4CED6D1D25B130FA001A5883 /* PresentationTests.swift in Sources */,
			);
			runOnlyForDeploymentPostprocessing = 0;
		};
/* End PBXSourcesBuildPhase section */

/* Begin PBXTargetDependency section */
		4C6EFD2625B3D03100AC8B24 /* PBXTargetDependency */ = {
			isa = PBXTargetDependency;
			target = 4C6EFD1A25B3D03100AC8B24 /* Infrastructure */;
			targetProxy = 4C6EFD2525B3D03100AC8B24 /* PBXContainerItemProxy */;
		};
		4C6EFD3A25B3D04400AC8B24 /* PBXTargetDependency */ = {
			isa = PBXTargetDependency;
			target = 4CC1C5F325AFCFFE001B9E59 /* Data */;
			targetProxy = 4C6EFD3925B3D04400AC8B24 /* PBXContainerItemProxy */;
		};
		4CC1C5FF25AFCFFE001B9E59 /* PBXTargetDependency */ = {
			isa = PBXTargetDependency;
			target = 4CC1C5F325AFCFFE001B9E59 /* Data */;
			targetProxy = 4CC1C5FE25AFCFFE001B9E59 /* PBXContainerItemProxy */;
		};
		4CC1C61E25AFD07F001B9E59 /* PBXTargetDependency */ = {
			isa = PBXTargetDependency;
			target = 4CC1C5AD25AFCB87001B9E59 /* Domain */;
			targetProxy = 4CC1C61D25AFD07F001B9E59 /* PBXContainerItemProxy */;
		};
		4CED6D1A25B130FA001A5883 /* PBXTargetDependency */ = {
			isa = PBXTargetDependency;
			target = 4CED6D0E25B130FA001A5883 /* Presentation */;
			targetProxy = 4CED6D1925B130FA001A5883 /* PBXContainerItemProxy */;
		};
		4CED6D3125B13120001A5883 /* PBXTargetDependency */ = {
			isa = PBXTargetDependency;
			target = 4CC1C5AD25AFCB87001B9E59 /* Domain */;
			targetProxy = 4CED6D3025B13120001A5883 /* PBXContainerItemProxy */;
		};
/* End PBXTargetDependency section */

/* Begin XCBuildConfiguration section */
		4C6EFD2D25B3D03100AC8B24 /* Debug */ = {
			isa = XCBuildConfiguration;
			buildSettings = {
				CODE_SIGN_STYLE = Automatic;
				COMBINE_HIDPI_IMAGES = YES;
				CURRENT_PROJECT_VERSION = 1;
				DEFINES_MODULE = YES;
				DEVELOPMENT_TEAM = 4UPDP46M9L;
				DYLIB_COMPATIBILITY_VERSION = 1;
				DYLIB_CURRENT_VERSION = 1;
				DYLIB_INSTALL_NAME_BASE = "@rpath";
				INFOPLIST_FILE = Infrastructure/Info.plist;
				INSTALL_PATH = "$(LOCAL_LIBRARY_DIR)/Frameworks";
				LD_RUNPATH_SEARCH_PATHS = (
					"$(inherited)",
					"@executable_path/../Frameworks",
					"@loader_path/Frameworks",
				);
				MACOSX_DEPLOYMENT_TARGET = 11.1;
				PRODUCT_BUNDLE_IDENTIFIER = Michael.Infrastructure;
				PRODUCT_NAME = "$(TARGET_NAME:c99extidentifier)";
				SDKROOT = macosx;
				SKIP_INSTALL = YES;
				SWIFT_VERSION = 5.0;
				VERSIONING_SYSTEM = "apple-generic";
				VERSION_INFO_PREFIX = "";
			};
			name = Debug;
		};
		4C6EFD2E25B3D03100AC8B24 /* Release */ = {
			isa = XCBuildConfiguration;
			buildSettings = {
				CODE_SIGN_STYLE = Automatic;
				COMBINE_HIDPI_IMAGES = YES;
				CURRENT_PROJECT_VERSION = 1;
				DEFINES_MODULE = YES;
				DEVELOPMENT_TEAM = 4UPDP46M9L;
				DYLIB_COMPATIBILITY_VERSION = 1;
				DYLIB_CURRENT_VERSION = 1;
				DYLIB_INSTALL_NAME_BASE = "@rpath";
				INFOPLIST_FILE = Infrastructure/Info.plist;
				INSTALL_PATH = "$(LOCAL_LIBRARY_DIR)/Frameworks";
				LD_RUNPATH_SEARCH_PATHS = (
					"$(inherited)",
					"@executable_path/../Frameworks",
					"@loader_path/Frameworks",
				);
				MACOSX_DEPLOYMENT_TARGET = 11.1;
				PRODUCT_BUNDLE_IDENTIFIER = Michael.Infrastructure;
				PRODUCT_NAME = "$(TARGET_NAME:c99extidentifier)";
				SDKROOT = macosx;
				SKIP_INSTALL = YES;
				SWIFT_VERSION = 5.0;
				VERSIONING_SYSTEM = "apple-generic";
				VERSION_INFO_PREFIX = "";
			};
			name = Release;
		};
		4C6EFD3025B3D03100AC8B24 /* Debug */ = {
			isa = XCBuildConfiguration;
			buildSettings = {
				CLANG_ENABLE_MODULES = YES;
				CODE_SIGN_STYLE = Automatic;
				COMBINE_HIDPI_IMAGES = YES;
				DEVELOPMENT_TEAM = 4UPDP46M9L;
				INFOPLIST_FILE = InfrastructureTests/Info.plist;
				LD_RUNPATH_SEARCH_PATHS = (
					"$(inherited)",
					"@executable_path/../Frameworks",
					"@loader_path/../Frameworks",
				);
				MACOSX_DEPLOYMENT_TARGET = 11.1;
				PRODUCT_BUNDLE_IDENTIFIER = Michael.InfrastructureTests;
				PRODUCT_NAME = "$(TARGET_NAME)";
				SDKROOT = macosx;
				SWIFT_OPTIMIZATION_LEVEL = "-Onone";
				SWIFT_VERSION = 5.0;
			};
			name = Debug;
		};
		4C6EFD3125B3D03100AC8B24 /* Release */ = {
			isa = XCBuildConfiguration;
			buildSettings = {
				CLANG_ENABLE_MODULES = YES;
				CODE_SIGN_STYLE = Automatic;
				COMBINE_HIDPI_IMAGES = YES;
				DEVELOPMENT_TEAM = 4UPDP46M9L;
				INFOPLIST_FILE = InfrastructureTests/Info.plist;
				LD_RUNPATH_SEARCH_PATHS = (
					"$(inherited)",
					"@executable_path/../Frameworks",
					"@loader_path/../Frameworks",
				);
				MACOSX_DEPLOYMENT_TARGET = 11.1;
				PRODUCT_BUNDLE_IDENTIFIER = Michael.InfrastructureTests;
				PRODUCT_NAME = "$(TARGET_NAME)";
				SDKROOT = macosx;
				SWIFT_VERSION = 5.0;
			};
			name = Release;
		};
		4CC1C59825AFCAF8001B9E59 /* Debug */ = {
			isa = XCBuildConfiguration;
			buildSettings = {
				ALWAYS_SEARCH_USER_PATHS = NO;
				CLANG_ANALYZER_NONNULL = YES;
				CLANG_ANALYZER_NUMBER_OBJECT_CONVERSION = YES_AGGRESSIVE;
				CLANG_CXX_LANGUAGE_STANDARD = "gnu++14";
				CLANG_CXX_LIBRARY = "libc++";
				CLANG_ENABLE_MODULES = YES;
				CLANG_ENABLE_OBJC_ARC = YES;
				CLANG_ENABLE_OBJC_WEAK = YES;
				CLANG_WARN_BLOCK_CAPTURE_AUTORELEASING = YES;
				CLANG_WARN_BOOL_CONVERSION = YES;
				CLANG_WARN_COMMA = YES;
				CLANG_WARN_CONSTANT_CONVERSION = YES;
				CLANG_WARN_DEPRECATED_OBJC_IMPLEMENTATIONS = YES;
				CLANG_WARN_DIRECT_OBJC_ISA_USAGE = YES_ERROR;
				CLANG_WARN_DOCUMENTATION_COMMENTS = YES;
				CLANG_WARN_EMPTY_BODY = YES;
				CLANG_WARN_ENUM_CONVERSION = YES;
				CLANG_WARN_INFINITE_RECURSION = YES;
				CLANG_WARN_INT_CONVERSION = YES;
				CLANG_WARN_NON_LITERAL_NULL_CONVERSION = YES;
				CLANG_WARN_OBJC_IMPLICIT_RETAIN_SELF = YES;
				CLANG_WARN_OBJC_LITERAL_CONVERSION = YES;
				CLANG_WARN_OBJC_ROOT_CLASS = YES_ERROR;
				CLANG_WARN_QUOTED_INCLUDE_IN_FRAMEWORK_HEADER = YES;
				CLANG_WARN_RANGE_LOOP_ANALYSIS = YES;
				CLANG_WARN_STRICT_PROTOTYPES = YES;
				CLANG_WARN_SUSPICIOUS_MOVE = YES;
				CLANG_WARN_UNGUARDED_AVAILABILITY = YES_AGGRESSIVE;
				CLANG_WARN_UNREACHABLE_CODE = YES;
				CLANG_WARN__DUPLICATE_METHOD_MATCH = YES;
				COPY_PHASE_STRIP = NO;
				DEBUG_INFORMATION_FORMAT = dwarf;
				ENABLE_STRICT_OBJC_MSGSEND = YES;
				ENABLE_TESTABILITY = YES;
				GCC_C_LANGUAGE_STANDARD = gnu11;
				GCC_DYNAMIC_NO_PIC = NO;
				GCC_NO_COMMON_BLOCKS = YES;
				GCC_OPTIMIZATION_LEVEL = 0;
				GCC_PREPROCESSOR_DEFINITIONS = (
					"DEBUG=1",
					"$(inherited)",
				);
				GCC_WARN_64_TO_32_BIT_CONVERSION = YES;
				GCC_WARN_ABOUT_RETURN_TYPE = YES_ERROR;
				GCC_WARN_UNDECLARED_SELECTOR = YES;
				GCC_WARN_UNINITIALIZED_AUTOS = YES_AGGRESSIVE;
				GCC_WARN_UNUSED_FUNCTION = YES;
				GCC_WARN_UNUSED_VARIABLE = YES;
				IPHONEOS_DEPLOYMENT_TARGET = 14.3;
				MTL_ENABLE_DEBUG_INFO = INCLUDE_SOURCE;
				MTL_FAST_MATH = YES;
				ONLY_ACTIVE_ARCH = YES;
				SDKROOT = iphoneos;
				SWIFT_ACTIVE_COMPILATION_CONDITIONS = DEBUG;
				SWIFT_OPTIMIZATION_LEVEL = "-Onone";
			};
			name = Debug;
		};
		4CC1C59925AFCAF8001B9E59 /* Release */ = {
			isa = XCBuildConfiguration;
			buildSettings = {
				ALWAYS_SEARCH_USER_PATHS = NO;
				CLANG_ANALYZER_NONNULL = YES;
				CLANG_ANALYZER_NUMBER_OBJECT_CONVERSION = YES_AGGRESSIVE;
				CLANG_CXX_LANGUAGE_STANDARD = "gnu++14";
				CLANG_CXX_LIBRARY = "libc++";
				CLANG_ENABLE_MODULES = YES;
				CLANG_ENABLE_OBJC_ARC = YES;
				CLANG_ENABLE_OBJC_WEAK = YES;
				CLANG_WARN_BLOCK_CAPTURE_AUTORELEASING = YES;
				CLANG_WARN_BOOL_CONVERSION = YES;
				CLANG_WARN_COMMA = YES;
				CLANG_WARN_CONSTANT_CONVERSION = YES;
				CLANG_WARN_DEPRECATED_OBJC_IMPLEMENTATIONS = YES;
				CLANG_WARN_DIRECT_OBJC_ISA_USAGE = YES_ERROR;
				CLANG_WARN_DOCUMENTATION_COMMENTS = YES;
				CLANG_WARN_EMPTY_BODY = YES;
				CLANG_WARN_ENUM_CONVERSION = YES;
				CLANG_WARN_INFINITE_RECURSION = YES;
				CLANG_WARN_INT_CONVERSION = YES;
				CLANG_WARN_NON_LITERAL_NULL_CONVERSION = YES;
				CLANG_WARN_OBJC_IMPLICIT_RETAIN_SELF = YES;
				CLANG_WARN_OBJC_LITERAL_CONVERSION = YES;
				CLANG_WARN_OBJC_ROOT_CLASS = YES_ERROR;
				CLANG_WARN_QUOTED_INCLUDE_IN_FRAMEWORK_HEADER = YES;
				CLANG_WARN_RANGE_LOOP_ANALYSIS = YES;
				CLANG_WARN_STRICT_PROTOTYPES = YES;
				CLANG_WARN_SUSPICIOUS_MOVE = YES;
				CLANG_WARN_UNGUARDED_AVAILABILITY = YES_AGGRESSIVE;
				CLANG_WARN_UNREACHABLE_CODE = YES;
				CLANG_WARN__DUPLICATE_METHOD_MATCH = YES;
				COPY_PHASE_STRIP = NO;
				DEBUG_INFORMATION_FORMAT = "dwarf-with-dsym";
				ENABLE_NS_ASSERTIONS = NO;
				ENABLE_STRICT_OBJC_MSGSEND = YES;
				GCC_C_LANGUAGE_STANDARD = gnu11;
				GCC_NO_COMMON_BLOCKS = YES;
				GCC_WARN_64_TO_32_BIT_CONVERSION = YES;
				GCC_WARN_ABOUT_RETURN_TYPE = YES_ERROR;
				GCC_WARN_UNDECLARED_SELECTOR = YES;
				GCC_WARN_UNINITIALIZED_AUTOS = YES_AGGRESSIVE;
				GCC_WARN_UNUSED_FUNCTION = YES;
				GCC_WARN_UNUSED_VARIABLE = YES;
				IPHONEOS_DEPLOYMENT_TARGET = 14.3;
				MTL_ENABLE_DEBUG_INFO = NO;
				MTL_FAST_MATH = YES;
				SDKROOT = iphoneos;
				SWIFT_COMPILATION_MODE = wholemodule;
				SWIFT_OPTIMIZATION_LEVEL = "-O";
				VALIDATE_PRODUCT = YES;
			};
			name = Release;
		};
		4CC1C5C025AFCB88001B9E59 /* Debug */ = {
			isa = XCBuildConfiguration;
			buildSettings = {
				CLANG_ENABLE_MODULES = YES;
				CODE_SIGN_STYLE = Automatic;
				COMBINE_HIDPI_IMAGES = YES;
				CURRENT_PROJECT_VERSION = 1;
				DEFINES_MODULE = YES;
				DEVELOPMENT_TEAM = 4UPDP46M9L;
				DYLIB_COMPATIBILITY_VERSION = 1;
				DYLIB_CURRENT_VERSION = 1;
				DYLIB_INSTALL_NAME_BASE = "@rpath";
				INFOPLIST_FILE = Domain/Info.plist;
				INSTALL_PATH = "$(LOCAL_LIBRARY_DIR)/Frameworks";
				LD_RUNPATH_SEARCH_PATHS = (
					"$(inherited)",
					"@executable_path/../Frameworks",
					"@loader_path/Frameworks",
				);
				MACOSX_DEPLOYMENT_TARGET = 11.1;
				PRODUCT_BUNDLE_IDENTIFIER = Michael.Domain;
				PRODUCT_NAME = "$(TARGET_NAME:c99extidentifier)";
				SDKROOT = macosx;
				SKIP_INSTALL = YES;
				SWIFT_OPTIMIZATION_LEVEL = "-Onone";
				SWIFT_VERSION = 5.0;
				VERSIONING_SYSTEM = "apple-generic";
				VERSION_INFO_PREFIX = "";
			};
			name = Debug;
		};
		4CC1C5C125AFCB88001B9E59 /* Release */ = {
			isa = XCBuildConfiguration;
			buildSettings = {
				CLANG_ENABLE_MODULES = YES;
				CODE_SIGN_STYLE = Automatic;
				COMBINE_HIDPI_IMAGES = YES;
				CURRENT_PROJECT_VERSION = 1;
				DEFINES_MODULE = YES;
				DEVELOPMENT_TEAM = 4UPDP46M9L;
				DYLIB_COMPATIBILITY_VERSION = 1;
				DYLIB_CURRENT_VERSION = 1;
				DYLIB_INSTALL_NAME_BASE = "@rpath";
				INFOPLIST_FILE = Domain/Info.plist;
				INSTALL_PATH = "$(LOCAL_LIBRARY_DIR)/Frameworks";
				LD_RUNPATH_SEARCH_PATHS = (
					"$(inherited)",
					"@executable_path/../Frameworks",
					"@loader_path/Frameworks",
				);
				MACOSX_DEPLOYMENT_TARGET = 11.1;
				PRODUCT_BUNDLE_IDENTIFIER = Michael.Domain;
				PRODUCT_NAME = "$(TARGET_NAME:c99extidentifier)";
				SDKROOT = macosx;
				SKIP_INSTALL = YES;
				SWIFT_VERSION = 5.0;
				VERSIONING_SYSTEM = "apple-generic";
				VERSION_INFO_PREFIX = "";
			};
			name = Release;
		};
		4CC1C60625AFCFFE001B9E59 /* Debug */ = {
			isa = XCBuildConfiguration;
			buildSettings = {
				CLANG_ENABLE_MODULES = YES;
				CODE_SIGN_STYLE = Automatic;
				COMBINE_HIDPI_IMAGES = YES;
				CURRENT_PROJECT_VERSION = 1;
				DEFINES_MODULE = YES;
				DEVELOPMENT_TEAM = 4UPDP46M9L;
				DYLIB_COMPATIBILITY_VERSION = 1;
				DYLIB_CURRENT_VERSION = 1;
				DYLIB_INSTALL_NAME_BASE = "@rpath";
				INFOPLIST_FILE = Data/Info.plist;
				INSTALL_PATH = "$(LOCAL_LIBRARY_DIR)/Frameworks";
				LD_RUNPATH_SEARCH_PATHS = (
					"$(inherited)",
					"@executable_path/../Frameworks",
					"@loader_path/Frameworks",
				);
				MACOSX_DEPLOYMENT_TARGET = 11.1;
				PRODUCT_BUNDLE_IDENTIFIER = Michael.Data;
				PRODUCT_NAME = "$(TARGET_NAME:c99extidentifier)";
				SDKROOT = macosx;
				SKIP_INSTALL = YES;
				SWIFT_OPTIMIZATION_LEVEL = "-Onone";
				SWIFT_VERSION = 5.0;
				VERSIONING_SYSTEM = "apple-generic";
				VERSION_INFO_PREFIX = "";
			};
			name = Debug;
		};
		4CC1C60725AFCFFE001B9E59 /* Release */ = {
			isa = XCBuildConfiguration;
			buildSettings = {
				CLANG_ENABLE_MODULES = YES;
				CODE_SIGN_STYLE = Automatic;
				COMBINE_HIDPI_IMAGES = YES;
				CURRENT_PROJECT_VERSION = 1;
				DEFINES_MODULE = YES;
				DEVELOPMENT_TEAM = 4UPDP46M9L;
				DYLIB_COMPATIBILITY_VERSION = 1;
				DYLIB_CURRENT_VERSION = 1;
				DYLIB_INSTALL_NAME_BASE = "@rpath";
				INFOPLIST_FILE = Data/Info.plist;
				INSTALL_PATH = "$(LOCAL_LIBRARY_DIR)/Frameworks";
				LD_RUNPATH_SEARCH_PATHS = (
					"$(inherited)",
					"@executable_path/../Frameworks",
					"@loader_path/Frameworks",
				);
				MACOSX_DEPLOYMENT_TARGET = 11.1;
				PRODUCT_BUNDLE_IDENTIFIER = Michael.Data;
				PRODUCT_NAME = "$(TARGET_NAME:c99extidentifier)";
				SDKROOT = macosx;
				SKIP_INSTALL = YES;
				SWIFT_VERSION = 5.0;
				VERSIONING_SYSTEM = "apple-generic";
				VERSION_INFO_PREFIX = "";
			};
			name = Release;
		};
		4CC1C60925AFCFFE001B9E59 /* Debug */ = {
			isa = XCBuildConfiguration;
			buildSettings = {
				ALWAYS_EMBED_SWIFT_STANDARD_LIBRARIES = YES;
				CLANG_ENABLE_MODULES = YES;
				CODE_SIGN_STYLE = Automatic;
				COMBINE_HIDPI_IMAGES = YES;
				DEVELOPMENT_TEAM = 4UPDP46M9L;
				INFOPLIST_FILE = DataTests/Info.plist;
				LD_RUNPATH_SEARCH_PATHS = (
					"$(inherited)",
					"@executable_path/../Frameworks",
					"@loader_path/../Frameworks",
				);
				MACOSX_DEPLOYMENT_TARGET = 11.1;
				PRODUCT_BUNDLE_IDENTIFIER = Michael.DataTests;
				PRODUCT_NAME = "$(TARGET_NAME)";
				SDKROOT = macosx;
				SWIFT_OPTIMIZATION_LEVEL = "-Onone";
				SWIFT_VERSION = 5.0;
			};
			name = Debug;
		};
		4CC1C60A25AFCFFE001B9E59 /* Release */ = {
			isa = XCBuildConfiguration;
			buildSettings = {
				ALWAYS_EMBED_SWIFT_STANDARD_LIBRARIES = YES;
				CLANG_ENABLE_MODULES = YES;
				CODE_SIGN_STYLE = Automatic;
				COMBINE_HIDPI_IMAGES = YES;
				DEVELOPMENT_TEAM = 4UPDP46M9L;
				INFOPLIST_FILE = DataTests/Info.plist;
				LD_RUNPATH_SEARCH_PATHS = (
					"$(inherited)",
					"@executable_path/../Frameworks",
					"@loader_path/../Frameworks",
				);
				MACOSX_DEPLOYMENT_TARGET = 11.1;
				PRODUCT_BUNDLE_IDENTIFIER = Michael.DataTests;
				PRODUCT_NAME = "$(TARGET_NAME)";
				SDKROOT = macosx;
				SWIFT_VERSION = 5.0;
			};
			name = Release;
		};
		4CED6D2125B130FA001A5883 /* Debug */ = {
			isa = XCBuildConfiguration;
			buildSettings = {
				CODE_SIGN_STYLE = Automatic;
				COMBINE_HIDPI_IMAGES = YES;
				CURRENT_PROJECT_VERSION = 1;
				DEFINES_MODULE = YES;
				DEVELOPMENT_TEAM = 4UPDP46M9L;
				DYLIB_COMPATIBILITY_VERSION = 1;
				DYLIB_CURRENT_VERSION = 1;
				DYLIB_INSTALL_NAME_BASE = "@rpath";
				INFOPLIST_FILE = Presentation/Info.plist;
				INSTALL_PATH = "$(LOCAL_LIBRARY_DIR)/Frameworks";
				LD_RUNPATH_SEARCH_PATHS = (
					"$(inherited)",
					"@executable_path/../Frameworks",
					"@loader_path/Frameworks",
				);
				MACOSX_DEPLOYMENT_TARGET = 11.1;
				PRODUCT_BUNDLE_IDENTIFIER = Michael.Presentation;
				PRODUCT_NAME = "$(TARGET_NAME:c99extidentifier)";
				SDKROOT = macosx;
				SKIP_INSTALL = YES;
				SWIFT_VERSION = 5.0;
				VERSIONING_SYSTEM = "apple-generic";
				VERSION_INFO_PREFIX = "";
			};
			name = Debug;
		};
		4CED6D2225B130FA001A5883 /* Release */ = {
			isa = XCBuildConfiguration;
			buildSettings = {
				CODE_SIGN_STYLE = Automatic;
				COMBINE_HIDPI_IMAGES = YES;
				CURRENT_PROJECT_VERSION = 1;
				DEFINES_MODULE = YES;
				DEVELOPMENT_TEAM = 4UPDP46M9L;
				DYLIB_COMPATIBILITY_VERSION = 1;
				DYLIB_CURRENT_VERSION = 1;
				DYLIB_INSTALL_NAME_BASE = "@rpath";
				INFOPLIST_FILE = Presentation/Info.plist;
				INSTALL_PATH = "$(LOCAL_LIBRARY_DIR)/Frameworks";
				LD_RUNPATH_SEARCH_PATHS = (
					"$(inherited)",
					"@executable_path/../Frameworks",
					"@loader_path/Frameworks",
				);
				MACOSX_DEPLOYMENT_TARGET = 11.1;
				PRODUCT_BUNDLE_IDENTIFIER = Michael.Presentation;
				PRODUCT_NAME = "$(TARGET_NAME:c99extidentifier)";
				SDKROOT = macosx;
				SKIP_INSTALL = YES;
				SWIFT_VERSION = 5.0;
				VERSIONING_SYSTEM = "apple-generic";
				VERSION_INFO_PREFIX = "";
			};
			name = Release;
		};
		4CED6D2425B130FA001A5883 /* Debug */ = {
			isa = XCBuildConfiguration;
			buildSettings = {
				CODE_SIGN_STYLE = Automatic;
				COMBINE_HIDPI_IMAGES = YES;
				DEVELOPMENT_TEAM = 4UPDP46M9L;
				INFOPLIST_FILE = PresentationTests/Info.plist;
				LD_RUNPATH_SEARCH_PATHS = (
					"$(inherited)",
					"@executable_path/../Frameworks",
					"@loader_path/../Frameworks",
				);
				MACOSX_DEPLOYMENT_TARGET = 11.1;
				PRODUCT_BUNDLE_IDENTIFIER = Michael.PresentationTests;
				PRODUCT_NAME = "$(TARGET_NAME)";
				SDKROOT = macosx;
				SWIFT_VERSION = 5.0;
			};
			name = Debug;
		};
		4CED6D2525B130FA001A5883 /* Release */ = {
			isa = XCBuildConfiguration;
			buildSettings = {
				CODE_SIGN_STYLE = Automatic;
				COMBINE_HIDPI_IMAGES = YES;
				DEVELOPMENT_TEAM = 4UPDP46M9L;
				INFOPLIST_FILE = PresentationTests/Info.plist;
				LD_RUNPATH_SEARCH_PATHS = (
					"$(inherited)",
					"@executable_path/../Frameworks",
					"@loader_path/../Frameworks",
				);
				MACOSX_DEPLOYMENT_TARGET = 11.1;
				PRODUCT_BUNDLE_IDENTIFIER = Michael.PresentationTests;
				PRODUCT_NAME = "$(TARGET_NAME)";
				SDKROOT = macosx;
				SWIFT_VERSION = 5.0;
			};
			name = Release;
		};
/* End XCBuildConfiguration section */

/* Begin XCConfigurationList section */
		4C6EFD2C25B3D03100AC8B24 /* Build configuration list for PBXNativeTarget "Infrastructure" */ = {
			isa = XCConfigurationList;
			buildConfigurations = (
				4C6EFD2D25B3D03100AC8B24 /* Debug */,
				4C6EFD2E25B3D03100AC8B24 /* Release */,
			);
			defaultConfigurationIsVisible = 0;
			defaultConfigurationName = Release;
		};
		4C6EFD2F25B3D03100AC8B24 /* Build configuration list for PBXNativeTarget "InfrastructureTests" */ = {
			isa = XCConfigurationList;
			buildConfigurations = (
				4C6EFD3025B3D03100AC8B24 /* Debug */,
				4C6EFD3125B3D03100AC8B24 /* Release */,
			);
			defaultConfigurationIsVisible = 0;
			defaultConfigurationName = Release;
		};
		4CC1C57025AFCAF7001B9E59 /* Build configuration list for PBXProject "RickAndMorty" */ = {
			isa = XCConfigurationList;
			buildConfigurations = (
				4CC1C59825AFCAF8001B9E59 /* Debug */,
				4CC1C59925AFCAF8001B9E59 /* Release */,
			);
			defaultConfigurationIsVisible = 0;
			defaultConfigurationName = Release;
		};
		4CC1C5BF25AFCB88001B9E59 /* Build configuration list for PBXNativeTarget "Domain" */ = {
			isa = XCConfigurationList;
			buildConfigurations = (
				4CC1C5C025AFCB88001B9E59 /* Debug */,
				4CC1C5C125AFCB88001B9E59 /* Release */,
			);
			defaultConfigurationIsVisible = 0;
			defaultConfigurationName = Release;
		};
		4CC1C60525AFCFFE001B9E59 /* Build configuration list for PBXNativeTarget "Data" */ = {
			isa = XCConfigurationList;
			buildConfigurations = (
				4CC1C60625AFCFFE001B9E59 /* Debug */,
				4CC1C60725AFCFFE001B9E59 /* Release */,
			);
			defaultConfigurationIsVisible = 0;
			defaultConfigurationName = Release;
		};
		4CC1C60825AFCFFE001B9E59 /* Build configuration list for PBXNativeTarget "DataTests" */ = {
			isa = XCConfigurationList;
			buildConfigurations = (
				4CC1C60925AFCFFE001B9E59 /* Debug */,
				4CC1C60A25AFCFFE001B9E59 /* Release */,
			);
			defaultConfigurationIsVisible = 0;
			defaultConfigurationName = Release;
		};
		4CED6D2025B130FA001A5883 /* Build configuration list for PBXNativeTarget "Presentation" */ = {
			isa = XCConfigurationList;
			buildConfigurations = (
				4CED6D2125B130FA001A5883 /* Debug */,
				4CED6D2225B130FA001A5883 /* Release */,
			);
			defaultConfigurationIsVisible = 0;
			defaultConfigurationName = Release;
		};
		4CED6D2325B130FA001A5883 /* Build configuration list for PBXNativeTarget "PresentationTests" */ = {
			isa = XCConfigurationList;
			buildConfigurations = (
				4CED6D2425B130FA001A5883 /* Debug */,
				4CED6D2525B130FA001A5883 /* Release */,
			);
			defaultConfigurationIsVisible = 0;
			defaultConfigurationName = Release;
		};
/* End XCConfigurationList section */
	};
	rootObject = 4CC1C56D25AFCAF7001B9E59 /* Project object */;
}
